
Microsoft Visual Studio Solution File, Format Version 12.00
# Visual Studio Version 17
VisualStudioVersion = 17.2.32616.157
MinimumVisualStudioVersion = 10.0.40219.1
Project("{FAE04EC0-301F-11D3-BF4B-00C04F79EFBC}") = "ProjetoFinalApi", "ProjetoFinalApi\ProjetoFinalApi.csproj", "{5D163FB2-5612-4CA1-B30B-E618A0D98015}"
EndProject
Global
	GlobalSection(SolutionConfigurationPlatforms) = preSolution
		Debug|Any CPU = Debug|Any CPU
		Release|Any CPU = Release|Any CPU
	EndGlobalSection
	GlobalSection(ProjectConfigurationPlatforms) = postSolution
		{5D163FB2-5612-4CA1-B30B-E618A0D98015}.Debug|Any CPU.ActiveCfg = Debug|Any CPU
		{5D163FB2-5612-4CA1-B30B-E618A0D98015}.Debug|Any CPU.Build.0 = Debug|Any CPU
		{5D163FB2-5612-4CA1-B30B-E618A0D98015}.Release|Any CPU.ActiveCfg = Release|Any CPU
		{5D163FB2-5612-4CA1-B30B-E618A0D98015}.Release|Any CPU.Build.0 = Release|Any CPU
	EndGlobalSection
	GlobalSection(SolutionProperties) = preSolution
		HideSolutionNode = FALSE
	EndGlobalSection
	GlobalSection(ExtensibilityGlobals) = postSolution
		SolutionGuid = {54F2F3D6-BF8B-4018-854C-00F76592F155}
	EndGlobalSection
EndGlobal
